
Microsoft Visual Studio Solution File, Format Version 12.00
# Visual Studio Version 17
VisualStudioVersion = 17.0.31903.59
MinimumVisualStudioVersion = 10.0.40219.1
Project("{2150E333-8FDC-42A3-9474-1A3956D46DE8}") = "src", "src", "{02EA681E-C7D8-13C7-8484-4AC65E1B71E8}"
EndProject
Project("{2150E333-8FDC-42A3-9474-1A3956D46DE8}") = "docs", "docs", "{CEC5F712-4E85-41A0-B02C-0A87951C7966}"
EndProject
Project("{2150E333-8FDC-42A3-9474-1A3956D46DE8}") = "Backend", "Backend", "{C12898B3-0B9F-4F22-B255-F605BF886482}"
EndProject
Project("{FAE04EC0-301F-11D3-BF4B-00C04F79EFBC}") = "TaskTrackerApp.Application", "src\Backend\TaskTrackerApp.Application\TaskTrackerApp.Application.csproj", "{726521C5-6588-86E8-61F1-539767335AE3}"
EndProject
Project("{FAE04EC0-301F-11D3-BF4B-00C04F79EFBC}") = "TaskTrackerApp.Presentation", "src\Backend\TaskTrackerApp.Presentation\TaskTrackerApp.Presentation.csproj", "{039AF249-C6BD-F57C-2994-C3ACE556EC6D}"
EndProject
Project("{FAE04EC0-301F-11D3-BF4B-00C04F79EFBC}") = "TaskTrackerApp.Persistence", "src\Backend\TaskTrackerApp.Persistence\TaskTrackerApp.Persistence.csproj", "{574DEFFF-33A8-2414-A82F-40394C9D61DC}"
EndProject
Project("{FAE04EC0-301F-11D3-BF4B-00C04F79EFBC}") = "TaskTrackerApp.Infrastructure", "src\Backend\TaskTrackerApp.Infrastructure\TaskTrackerApp.Infrastructure.csproj", "{84AD0B6C-1DB6-2804-9535-6F798743C35C}"
EndProject
Project("{FAE04EC0-301F-11D3-BF4B-00C04F79EFBC}") = "TaskTrackerApp.Domain", "src\Backend\TaskTrackerApp.Domain\TaskTrackerApp.Domain.csproj", "{60ABC277-5B96-0FCF-4142-97A9B393FA98}"
EndProject
Project("{FAE04EC0-301F-11D3-BF4B-00C04F79EFBC}") = "TaskTrackerApp.Database", "src\Backend\TaskTrackerApp.Database\TaskTrackerApp.Database.csproj", "{977108B2-A786-8EB7-9BD3-9F5A50017FE7}"
EndProject
Global
	GlobalSection(SolutionConfigurationPlatforms) = preSolution
		Debug|Any CPU = Debug|Any CPU
		Release|Any CPU = Release|Any CPU
	EndGlobalSection
	GlobalSection(ProjectConfigurationPlatforms) = postSolution
		{726521C5-6588-86E8-61F1-539767335AE3}.Debug|Any CPU.ActiveCfg = Debug|Any CPU
		{726521C5-6588-86E8-61F1-539767335AE3}.Debug|Any CPU.Build.0 = Debug|Any CPU
		{726521C5-6588-86E8-61F1-539767335AE3}.Release|Any CPU.ActiveCfg = Release|Any CPU
		{726521C5-6588-86E8-61F1-539767335AE3}.Release|Any CPU.Build.0 = Release|Any CPU
		{039AF249-C6BD-F57C-2994-C3ACE556EC6D}.Debug|Any CPU.ActiveCfg = Debug|Any CPU
		{039AF249-C6BD-F57C-2994-C3ACE556EC6D}.Debug|Any CPU.Build.0 = Debug|Any CPU
		{039AF249-C6BD-F57C-2994-C3ACE556EC6D}.Release|Any CPU.ActiveCfg = Release|Any CPU
		{039AF249-C6BD-F57C-2994-C3ACE556EC6D}.Release|Any CPU.Build.0 = Release|Any CPU
		{574DEFFF-33A8-2414-A82F-40394C9D61DC}.Debug|Any CPU.ActiveCfg = Debug|Any CPU
		{574DEFFF-33A8-2414-A82F-40394C9D61DC}.Debug|Any CPU.Build.0 = Debug|Any CPU
		{574DEFFF-33A8-2414-A82F-40394C9D61DC}.Release|Any CPU.ActiveCfg = Release|Any CPU
		{574DEFFF-33A8-2414-A82F-40394C9D61DC}.Release|Any CPU.Build.0 = Release|Any CPU
		{84AD0B6C-1DB6-2804-9535-6F798743C35C}.Debug|Any CPU.ActiveCfg = Debug|Any CPU
		{84AD0B6C-1DB6-2804-9535-6F798743C35C}.Debug|Any CPU.Build.0 = Debug|Any CPU
		{84AD0B6C-1DB6-2804-9535-6F798743C35C}.Release|Any CPU.ActiveCfg = Release|Any CPU
		{84AD0B6C-1DB6-2804-9535-6F798743C35C}.Release|Any CPU.Build.0 = Release|Any CPU
		{60ABC277-5B96-0FCF-4142-97A9B393FA98}.Debug|Any CPU.ActiveCfg = Debug|Any CPU
		{60ABC277-5B96-0FCF-4142-97A9B393FA98}.Debug|Any CPU.Build.0 = Debug|Any CPU
		{60ABC277-5B96-0FCF-4142-97A9B393FA98}.Release|Any CPU.ActiveCfg = Release|Any CPU
		{60ABC277-5B96-0FCF-4142-97A9B393FA98}.Release|Any CPU.Build.0 = Release|Any CPU
		{977108B2-A786-8EB7-9BD3-9F5A50017FE7}.Debug|Any CPU.ActiveCfg = Debug|Any CPU
		{977108B2-A786-8EB7-9BD3-9F5A50017FE7}.Debug|Any CPU.Build.0 = Debug|Any CPU
		{977108B2-A786-8EB7-9BD3-9F5A50017FE7}.Release|Any CPU.ActiveCfg = Release|Any CPU
		{977108B2-A786-8EB7-9BD3-9F5A50017FE7}.Release|Any CPU.Build.0 = Release|Any CPU
	EndGlobalSection
	GlobalSection(SolutionProperties) = preSolution
		HideSolutionNode = FALSE
	EndGlobalSection
	GlobalSection(NestedProjects) = preSolution
		{C12898B3-0B9F-4F22-B255-F605BF886482} = {02EA681E-C7D8-13C7-8484-4AC65E1B71E8}
		{726521C5-6588-86E8-61F1-539767335AE3} = {C12898B3-0B9F-4F22-B255-F605BF886482}
		{039AF249-C6BD-F57C-2994-C3ACE556EC6D} = {C12898B3-0B9F-4F22-B255-F605BF886482}
		{574DEFFF-33A8-2414-A82F-40394C9D61DC} = {C12898B3-0B9F-4F22-B255-F605BF886482}
		{84AD0B6C-1DB6-2804-9535-6F798743C35C} = {C12898B3-0B9F-4F22-B255-F605BF886482}
		{60ABC277-5B96-0FCF-4142-97A9B393FA98} = {C12898B3-0B9F-4F22-B255-F605BF886482}
		{977108B2-A786-8EB7-9BD3-9F5A50017FE7} = {C12898B3-0B9F-4F22-B255-F605BF886482}
	EndGlobalSection
	GlobalSection(ExtensibilityGlobals) = postSolution
		SolutionGuid = {B88BF878-1E4F-4C54-8F51-EDDB54A1BAED}
	EndGlobalSection
EndGlobal
