
Microsoft Visual Studio Solution File, Format Version 12.00
# Visual Studio Version 17
VisualStudioVersion = 17.0.31903.59
MinimumVisualStudioVersion = 10.0.40219.1
Project("{2150E333-8FDC-42A3-9474-1A3956D46DE8}") = "src", "src", "{02EA681E-C7D8-13C7-8484-4AC65E1B71E8}"
EndProject
Project("{FAE04EC0-301F-11D3-BF4B-00C04F79EFBC}") = "TaskTrackerApp.Frontend.Domain", "TaskTrackerApp.Frontend.Domain\TaskTrackerApp.Frontend.Domain.csproj", "{F1065859-6CDC-4442-8BBF-FF81E4B71D16}"
EndProject
Project("{FAE04EC0-301F-11D3-BF4B-00C04F79EFBC}") = "TaskTrackerApp.Frontend.Services.Abstraction", "TaskTrackerApp.Frontend.Services.Abstraction\TaskTrackerApp.Frontend.Services.Abstraction.csproj", "{6E41EDF6-F563-47DE-8B2A-44E5C36B270B}"
EndProject
Project("{FAE04EC0-301F-11D3-BF4B-00C04F79EFBC}") = "TaskTrackerApp.Frontend.Services", "TaskTrackerApp.Frontend.Services\TaskTrackerApp.Frontend.Services.csproj", "{9659ED7D-E2A3-4DF6-BDDD-4AA505A2BC19}"
EndProject
Project("{FAE04EC0-301F-11D3-BF4B-00C04F79EFBC}") = "TaskTrackerApp.Frontend.WebApp", "TaskTrackerApp.Frontend.WebApp\TaskTrackerApp.Frontend.WebApp.csproj", "{59474574-A21F-4D93-9AD7-AE2CB0C30102}"
EndProject
Global
	GlobalSection(SolutionConfigurationPlatforms) = preSolution
		Debug|Any CPU = Debug|Any CPU
		Release|Any CPU = Release|Any CPU
	EndGlobalSection
	GlobalSection(ProjectConfigurationPlatforms) = postSolution
		{F1065859-6CDC-4442-8BBF-FF81E4B71D16}.Debug|Any CPU.ActiveCfg = Debug|Any CPU
		{F1065859-6CDC-4442-8BBF-FF81E4B71D16}.Debug|Any CPU.Build.0 = Debug|Any CPU
		{F1065859-6CDC-4442-8BBF-FF81E4B71D16}.Release|Any CPU.ActiveCfg = Release|Any CPU
		{F1065859-6CDC-4442-8BBF-FF81E4B71D16}.Release|Any CPU.Build.0 = Release|Any CPU
		{6E41EDF6-F563-47DE-8B2A-44E5C36B270B}.Debug|Any CPU.ActiveCfg = Debug|Any CPU
		{6E41EDF6-F563-47DE-8B2A-44E5C36B270B}.Debug|Any CPU.Build.0 = Debug|Any CPU
		{6E41EDF6-F563-47DE-8B2A-44E5C36B270B}.Release|Any CPU.ActiveCfg = Release|Any CPU
		{6E41EDF6-F563-47DE-8B2A-44E5C36B270B}.Release|Any CPU.Build.0 = Release|Any CPU
		{9659ED7D-E2A3-4DF6-BDDD-4AA505A2BC19}.Debug|Any CPU.ActiveCfg = Debug|Any CPU
		{9659ED7D-E2A3-4DF6-BDDD-4AA505A2BC19}.Debug|Any CPU.Build.0 = Debug|Any CPU
		{9659ED7D-E2A3-4DF6-BDDD-4AA505A2BC19}.Release|Any CPU.ActiveCfg = Release|Any CPU
		{9659ED7D-E2A3-4DF6-BDDD-4AA505A2BC19}.Release|Any CPU.Build.0 = Release|Any CPU
		{59474574-A21F-4D93-9AD7-AE2CB0C30102}.Debug|Any CPU.ActiveCfg = Debug|Any CPU
		{59474574-A21F-4D93-9AD7-AE2CB0C30102}.Debug|Any CPU.Build.0 = Debug|Any CPU
		{59474574-A21F-4D93-9AD7-AE2CB0C30102}.Release|Any CPU.ActiveCfg = Release|Any CPU
		{59474574-A21F-4D93-9AD7-AE2CB0C30102}.Release|Any CPU.Build.0 = Release|Any CPU
	EndGlobalSection
	GlobalSection(SolutionProperties) = preSolution
		HideSolutionNode = FALSE
	EndGlobalSection
	GlobalSection(NestedProjects) = preSolution
		{F1065859-6CDC-4442-8BBF-FF81E4B71D16} = {02EA681E-C7D8-13C7-8484-4AC65E1B71E8}
		{6E41EDF6-F563-47DE-8B2A-44E5C36B270B} = {02EA681E-C7D8-13C7-8484-4AC65E1B71E8}
		{9659ED7D-E2A3-4DF6-BDDD-4AA505A2BC19} = {02EA681E-C7D8-13C7-8484-4AC65E1B71E8}
		{59474574-A21F-4D93-9AD7-AE2CB0C30102} = {02EA681E-C7D8-13C7-8484-4AC65E1B71E8}
	EndGlobalSection
	GlobalSection(ExtensibilityGlobals) = postSolution
		SolutionGuid = {A7F02412-ABAE-43B4-88F0-752AB2C35F08}
	EndGlobalSection
EndGlobal
